{
  "name": "Ogar",
  "version": "1.0.0",
  "lockfileVersion": 1,
  "requires": true,
  "dependencies": {
    "asyncconsole": {
      "version": "1.3.9",
      "resolved": "https://registry.npmjs.org/asyncconsole/-/asyncconsole-1.3.9.tgz",
      "integrity": "sha1-+YpGz4b1ix0I43grYMaLhCLLtgY="
    },
    "ws": {
      "version": "7.4.3",
      "resolved": "https://registry.npmjs.org/ws/-/ws-7.4.3.tgz",
      "integrity": "sha512-hr6vCR76GsossIRsr8OLR9acVVm1jyfEWvhbNjtgPOrfvAlKzvyeg/P6r8RuDjRyrcQoPQT7K0DGEPc7Ae6jzA=="
    }
  }
}
